
Microsoft Visual Studio Solution File, Format Version 12.00
# Visual Studio Version 17
VisualStudioVersion = 17.9.34728.123
MinimumVisualStudioVersion = 10.0.40219.1
Project("{FAE04EC0-301F-11D3-BF4B-00C04F79EFBC}") = "SpecFlowProjectDemo", "SpecFlowProjectDemo.csproj", "{7854C4DB-2018-4892-9DC1-DC40FFE5E660}"
EndProject
Global
	GlobalSection(SolutionConfigurationPlatforms) = preSolution
		Debug|Any CPU = Debug|Any CPU
		Release|Any CPU = Release|Any CPU
	EndGlobalSection
	GlobalSection(ProjectConfigurationPlatforms) = postSolution
		{7854C4DB-2018-4892-9DC1-DC40FFE5E660}.Debug|Any CPU.ActiveCfg = Debug|Any CPU
		{7854C4DB-2018-4892-9DC1-DC40FFE5E660}.Debug|Any CPU.Build.0 = Debug|Any CPU
		{7854C4DB-2018-4892-9DC1-DC40FFE5E660}.Release|Any CPU.ActiveCfg = Release|Any CPU
		{7854C4DB-2018-4892-9DC1-DC40FFE5E660}.Release|Any CPU.Build.0 = Release|Any CPU
	EndGlobalSection
	GlobalSection(SolutionProperties) = preSolution
		HideSolutionNode = FALSE
	EndGlobalSection
	GlobalSection(ExtensibilityGlobals) = postSolution
		SolutionGuid = {30F40392-CDD2-4F2E-BEB4-CC27D7F52FDE}
	EndGlobalSection
EndGlobal
